// !$*UTF8*$!
{
	archiveVersion = 1;
	classes = {
	};
	objectVersion = 46;
	objects = {

/* Begin PBXBuildFile section */
		CEC317851D5D200700D10F44 /* AppDelegate.swift in Sources */ = {isa = PBXBuildFile; fileRef = CEC317841D5D200700D10F44 /* AppDelegate.swift */; };
		CEC317871D5D200700D10F44 /* ViewController.swift in Sources */ = {isa = PBXBuildFile; fileRef = CEC317861D5D200700D10F44 /* ViewController.swift */; };
		CEC3178A1D5D200700D10F44 /* Main.storyboard in Resources */ = {isa = PBXBuildFile; fileRef = CEC317881D5D200700D10F44 /* Main.storyboard */; };
		CEC3178C1D5D200700D10F44 /* Assets.xcassets in Resources */ = {isa = PBXBuildFile; fileRef = CEC3178B1D5D200700D10F44 /* Assets.xcassets */; };
		CEC3178F1D5D200700D10F44 /* LaunchScreen.storyboard in Resources */ = {isa = PBXBuildFile; fileRef = CEC3178D1D5D200700D10F44 /* LaunchScreen.storyboard */; };
		CEE7A6EE1D5F75CC0032F4C3 /* MainScreenViewController.swift in Sources */ = {isa = PBXBuildFile; fileRef = CEE7A6ED1D5F75CC0032F4C3 /* MainScreenViewController.swift */; };
/* End PBXBuildFile section */

/* Begin PBXFileReference section */
		CEC317811D5D200700D10F44 /* ModernQuizApp.app */ = {isa = PBXFileReference; explicitFileType = wrapper.application; includeInIndex = 0; path = ModernQuizApp.app; sourceTree = BUILT_PRODUCTS_DIR; };
		CEC317841D5D200700D10F44 /* AppDelegate.swift */ = {isa = PBXFileReference; lastKnownFileType = sourcecode.swift; path = AppDelegate.swift; sourceTree = "<group>"; };
		CEC317861D5D200700D10F44 /* ViewController.swift */ = {isa = PBXFileReference; lastKnownFileType = sourcecode.swift; path = ViewController.swift; sourceTree = "<group>"; };
		CEC317891D5D200700D10F44 /* Base */ = {isa = PBXFileReference; lastKnownFileType = file.storyboard; name = Base; path = Base.lproj/Main.storyboard; sourceTree = "<group>"; };
		CEC3178B1D5D200700D10F44 /* Assets.xcassets */ = {isa = PBXFileReference; lastKnownFileType = folder.assetcatalog; path = Assets.xcassets; sourceTree = "<group>"; };
		CEC3178E1D5D200700D10F44 /* Base */ = {isa = PBXFileReference; lastKnownFileType = file.storyboard; name = Base; path = Base.lproj/LaunchScreen.storyboard; sourceTree = "<group>"; };
		CEC317901D5D200700D10F44 /* Info.plist */ = {isa = PBXFileReference; lastKnownFileType = text.plist.xml; path = Info.plist; sourceTree = "<group>"; };
		CEE7A6ED1D5F75CC0032F4C3 /* MainScreenViewController.swift */ = {isa = PBXFileReference; fileEncoding = 4; lastKnownFileType = sourcecode.swift; path = MainScreenViewController.swift; sourceTree = "<group>"; };
/* End PBXFileReference section */

/* Begin PBXFrameworksBuildPhase section */
		CEC3177E1D5D200700D10F44 /* Frameworks */ = {
			isa = PBXFrameworksBuildPhase;
			buildActionMask = 2147483647;
			files = (
			);
			runOnlyForDeploymentPostprocessing = 0;
		};
/* End PBXFrameworksBuildPhase section */

/* Begin PBXGroup section */
		CEC317781D5D200600D10F44 = {
			isa = PBXGroup;
			children = (
				CEC317831D5D200700D10F44 /* ModernQuizApp */,
				CEC317821D5D200700D10F44 /* Products */,
			);
			sourceTree = "<group>";
		};
		CEC317821D5D200700D10F44 /* Products */ = {
			isa = PBXGroup;
			children = (
				CEC317811D5D200700D10F44 /* ModernQuizApp.app */,
			);
			name = Products;
			sourceTree = "<group>";
		};
		CEC317831D5D200700D10F44 /* ModernQuizApp */ = {
			isa = PBXGroup;
			children = (
				CEC317841D5D200700D10F44 /* AppDelegate.swift */,
				CEC317861D5D200700D10F44 /* ViewController.swift */,
				CEE7A6ED1D5F75CC0032F4C3 /* MainScreenViewController.swift */,
				CEC317881D5D200700D10F44 /* Main.storyboard */,
				CEC3178B1D5D200700D10F44 /* Assets.xcassets */,
				CEC3178D1D5D200700D10F44 /* LaunchScreen.storyboard */,
				CEC317901D5D200700D10F44 /* Info.plist */,
			);
			path = ModernQuizApp;
			sourceTree = "<group>";
		};
/* End PBXGroup section */

/* Begin PBXNativeTarget section */
		CEC317801D5D200700D10F44 /* ModernQuizApp */ = {
			isa = PBXNativeTarget;
			buildConfigurationList = CEC317931D5D200700D10F44 /* Build configuration list for PBXNativeTarget "ModernQuizApp" */;
			buildPhases = (
				CEC3177D1D5D200700D10F44 /* Sources */,
				CEC3177E1D5D200700D10F44 /* Frameworks */,
				CEC3177F1D5D200700D10F44 /* Resources */,
			);
			buildRules = (
			);
			dependencies = (
			);
			name = ModernQuizApp;
			productName = ModernQuizApp;
			productReference = CEC317811D5D200700D10F44 /* ModernQuizApp.app */;
			productType = "com.apple.product-type.application";
		};
/* End PBXNativeTarget section */

/* Begin PBXProject section */
		CEC317791D5D200700D10F44 /* Project object */ = {
			isa = PBXProject;
			attributes = {
				LastSwiftUpdateCheck = 0730;
				LastUpgradeCheck = 0730;
				ORGANIZATIONNAME = "Paul Maxeiner";
				TargetAttributes = {
					CEC317801D5D200700D10F44 = {
						CreatedOnToolsVersion = 7.3.1;
					};
				};
			};
			buildConfigurationList = CEC3177C1D5D200700D10F44 /* Build configuration list for PBXProject "ModernQuizApp" */;
			compatibilityVersion = "Xcode 3.2";
			developmentRegion = English;
			hasScannedForEncodings = 0;
			knownRegions = (
				en,
				Base,
			);
			mainGroup = CEC317781D5D200600D10F44;
			productRefGroup = CEC317821D5D200700D10F44 /* Products */;
			projectDirPath = "";
			projectRoot = "";
			targets = (
				CEC317801D5D200700D10F44 /* ModernQuizApp */,
			);
		};
/* End PBXProject section */

/* Begin PBXResourcesBuildPhase section */
		CEC3177F1D5D200700D10F44 /* Resources */ = {
			isa = PBXResourcesBuildPhase;
			buildActionMask = 2147483647;
			files = (
				CEC3178F1D5D200700D10F44 /* LaunchScreen.storyboard in Resources */,
				CEC3178C1D5D200700D10F44 /* Assets.xcassets in Resources */,
				CEC3178A1D5D200700D10F44 /* Main.storyboard in Resources */,
			);
			runOnlyForDeploymentPostprocessing = 0;
		};
/* End PBXResourcesBuildPhase section */

/* Begin PBXSourcesBuildPhase section */
		CEC3177D1D5D200700D10F44 /* Sources */ = {
			isa = PBXSourcesBuildPhase;
			buildActionMask = 2147483647;
			files = (
				CEC317871D5D200700D10F44 /* ViewController.swift in Sources */,
				CEC317851D5D200700D10F44 /* AppDelegate.swift in Sources */,
				CEE7A6EE1D5F75CC0032F4C3 /* MainScreenViewController.swift in Sources */,
			);
			runOnlyForDeploymentPostprocessing = 0;
		};
/* End PBXSourcesBuildPhase section */

/* Begin PBXVariantGroup section */
		CEC317881D5D200700D10F44 /* Main.storyboard */ = {
			isa = PBXVariantGroup;
			children = (
				CEC317891D5D200700D10F44 /* Base */,
			);
			name = Main.storyboard;
			sourceTree = "<group>";
		};
		CEC3178D1D5D200700D10F44 /* LaunchScreen.storyboard */ = {
			isa = PBXVariantGroup;
			children = (
				CEC3178E1D5D200700D10F44 /* Base */,
			);
			name = LaunchScreen.storyboard;
			sourceTree = "<group>";
		};
/* End PBXVariantGroup section */

/* Begin XCBuildConfiguration section */
		CEC317911D5D200700D10F44 /* Debug */ = {
			isa = XCBuildConfiguration;
			buildSettings = {
				ALWAYS_SEARCH_USER_PATHS = NO;
				CLANG_ANALYZER_NONNULL = YES;
				CLANG_CXX_LANGUAGE_STANDARD = "gnu++0x";
				CLANG_CXX_LIBRARY = "libc++";
				CLANG_ENABLE_MODULES = YES;
				CLANG_ENABLE_OBJC_ARC = YES;
				CLANG_WARN_BOOL_CONVERSION = YES;
				CLANG_WARN_CONSTANT_CONVERSION = YES;
				CLANG_WARN_DIRECT_OBJC_ISA_USAGE = YES_ERROR;
				CLANG_WARN_EMPTY_BODY = YES;
				CLANG_WARN_ENUM_CONVERSION = YES;
				CLANG_WARN_INT_CONVERSION = YES;
				CLANG_WARN_OBJC_ROOT_CLASS = YES_ERROR;
				CLANG_WARN_UNREACHABLE_CODE = YES;
				CLANG_WARN__DUPLICATE_METHOD_MATCH = YES;
				"CODE_SIGN_IDENTITY[sdk=iphoneos*]" = "iPhone Developer";
				COPY_PHASE_STRIP = NO;
				DEBUG_INFORMATION_FORMAT = dwarf;
				ENABLE_STRICT_OBJC_MSGSEND = YES;
				ENABLE_TESTABILITY = YES;
				GCC_C_LANGUAGE_STANDARD = gnu99;
				GCC_DYNAMIC_NO_PIC = NO;
				GCC_NO_COMMON_BLOCKS = YES;
				GCC_OPTIMIZATION_LEVEL = 0;
				GCC_PREPROCESSOR_DEFINITIONS = (
					"DEBUG=1",
					"$(inherited)",
				);
				GCC_WARN_64_TO_32_BIT_CONVERSION = YES;
				GCC_WARN_ABOUT_RETURN_TYPE = YES_ERROR;
				GCC_WARN_UNDECLARED_SELECTOR = YES;
				GCC_WARN_UNINITIALIZED_AUTOS = YES_AGGRESSIVE;
				GCC_WARN_UNUSED_FUNCTION = YES;
				GCC_WARN_UNUSED_VARIABLE = YES;
				IPHONEOS_DEPLOYMENT_TARGET = 9.3;
				MTL_ENABLE_DEBUG_INFO = YES;
				ONLY_ACTIVE_ARCH = YES;
				SDKROOT = iphoneos;
				SWIFT_OPTIMIZATION_LEVEL = "-Onone";
			};
			name = Debug;
		};
		CEC317921D5D200700D10F44 /* Release */ = {
			isa = XCBuildConfiguration;
			buildSettings = {
				ALWAYS_SEARCH_USER_PATHS = NO;
				CLANG_ANALYZER_NONNULL = YES;
				CLANG_CXX_LANGUAGE_STANDARD = "gnu++0x";
				CLANG_CXX_LIBRARY = "libc++";
				CLANG_ENABLE_MODULES = YES;
				CLANG_ENABLE_OBJC_ARC = YES;
				CLANG_WARN_BOOL_CONVERSION = YES;
				CLANG_WARN_CONSTANT_CONVERSION = YES;
				CLANG_WARN_DIRECT_OBJC_ISA_USAGE = YES_ERROR;
				CLANG_WARN_EMPTY_BODY = YES;
				CLANG_WARN_ENUM_CONVERSION = YES;
				CLANG_WARN_INT_CONVERSION = YES;
				CLANG_WARN_OBJC_ROOT_CLASS = YES_ERROR;
				CLANG_WARN_UNREACHABLE_CODE = YES;
				CLANG_WARN__DUPLICATE_METHOD_MATCH = YES;
				"CODE_SIGN_IDENTITY[sdk=iphoneos*]" = "iPhone Developer";
				COPY_PHASE_STRIP = NO;
				DEBUG_INFORMATION_FORMAT = "dwarf-with-dsym";
				ENABLE_NS_ASSERTIONS = NO;
				ENABLE_STRICT_OBJC_MSGSEND = YES;
				GCC_C_LANGUAGE_STANDARD = gnu99;
				GCC_NO_COMMON_BLOCKS = YES;
				GCC_WARN_64_TO_32_BIT_CONVERSION = YES;
				GCC_WARN_ABOUT_RETURN_TYPE = YES_ERROR;
				GCC_WARN_UNDECLARED_SELECTOR = YES;
				GCC_WARN_UNINITIALIZED_AUTOS = YES_AGGRESSIVE;
				GCC_WARN_UNUSED_FUNCTION = YES;
				GCC_WARN_UNUSED_VARIABLE = YES;
				IPHONEOS_DEPLOYMENT_TARGET = 9.3;
				MTL_ENABLE_DEBUG_INFO = NO;
				SDKROOT = iphoneos;
				VALIDATE_PRODUCT = YES;
			};
			name = Release;
		};
		CEC317941D5D200700D10F44 /* Debug */ = {
			isa = XCBuildConfiguration;
			buildSettings = {
				ASSETCATALOG_COMPILER_APPICON_NAME = AppIcon;
				INFOPLIST_FILE = ModernQuizApp/Info.plist;
				LD_RUNPATH_SEARCH_PATHS = "$(inherited) @executable_path/Frameworks";
				PRODUCT_BUNDLE_IDENTIFIER = ee.ModernQuizApp;
				PRODUCT_NAME = "$(TARGET_NAME)";
			};
			name = Debug;
		};
		CEC317951D5D200700D10F44 /* Release */ = {
			isa = XCBuildConfiguration;
			buildSettings = {
				ASSETCATALOG_COMPILER_APPICON_NAME = AppIcon;
				INFOPLIST_FILE = ModernQuizApp/Info.plist;
				LD_RUNPATH_SEARCH_PATHS = "$(inherited) @executable_path/Frameworks";
				PRODUCT_BUNDLE_IDENTIFIER = ee.ModernQuizApp;
				PRODUCT_NAME = "$(TARGET_NAME)";
			};
			name = Release;
		};
/* End XCBuildConfiguration section */

/* Begin XCConfigurationList section */
		CEC3177C1D5D200700D10F44 /* Build configuration list for PBXProject "ModernQuizApp" */ = {
			isa = XCConfigurationList;
			buildConfigurations = (
				CEC317911D5D200700D10F44 /* Debug */,
				CEC317921D5D200700D10F44 /* Release */,
			);
			defaultConfigurationIsVisible = 0;
			defaultConfigurationName = Release;
		};
		CEC317931D5D200700D10F44 /* Build configuration list for PBXNativeTarget "ModernQuizApp" */ = {
			isa = XCConfigurationList;
			buildConfigurations = (
				CEC317941D5D200700D10F44 /* Debug */,
				CEC317951D5D200700D10F44 /* Release */,
			);
			defaultConfigurationIsVisible = 0;
			defaultConfigurationName = Release;
		};
/* End XCConfigurationList section */
	};
	rootObject = CEC317791D5D200700D10F44 /* Project object */;
}
